
Microsoft Visual Studio Solution File, Format Version 11.00
# Visual Studio 2010
Project("{F2A71F9B-5D33-465A-A702-920D77279786}") = "Possum", "Possum.fsproj", "{BC3D2F80-B279-489A-A4E4-C1DADB5708E2}"
EndProject
Global
	GlobalSection(SolutionConfigurationPlatforms) = preSolution
		Debug|x86 = Debug|x86
		Release|x86 = Release|x86
	EndGlobalSection
	GlobalSection(ProjectConfigurationPlatforms) = postSolution
		{BC3D2F80-B279-489A-A4E4-C1DADB5708E2}.Debug|x86.ActiveCfg = Debug|x86
		{BC3D2F80-B279-489A-A4E4-C1DADB5708E2}.Debug|x86.Build.0 = Debug|x86
		{BC3D2F80-B279-489A-A4E4-C1DADB5708E2}.Release|x86.ActiveCfg = Release|x86
		{BC3D2F80-B279-489A-A4E4-C1DADB5708E2}.Release|x86.Build.0 = Release|x86
	EndGlobalSection
	GlobalSection(SolutionProperties) = preSolution
		HideSolutionNode = FALSE
	EndGlobalSection
EndGlobal
